{
  "object": {
    "pins": [
      {
        "package": "Path.swift",
        "repositoryURL": "https://github.com/mxcl/Path.swift.git",
        "state": {
          "branch": null,
          "revision": "f324b4a562ca421fd2905414a10fb0fc91d58b67",
          "version": "0.16.2"
        }
      },
      {
        "package": "SwiftSyntax",
        "repositoryURL": "https://github.com/apple/swift-syntax.git",
        "state": {
          "branch": null,
          "revision": "3e3eb191fcdbecc6031522660c4ed6ce25282c25",
          "version": "0.50100.0"
        }
      }
    ]
  },
  "version": 1
}
